// !$*UTF8*$!
{
	archiveVersion = 1;
	classes = {
	};
	objectVersion = 46;
	objects = {

/* Begin PBXBuildFile section */
		D331B40B1A5309570097A910 /* adv03.c in Sources */ = {isa = PBXBuildFile; fileRef = D331B4031A5309570097A910 /* adv03.c */; };
		D331B40C1A5309570097A910 /* adv04.c in Sources */ = {isa = PBXBuildFile; fileRef = D331B4051A5309570097A910 /* adv04.c */; };
		D331B40D1A5309570097A910 /* adv05.c in Sources */ = {isa = PBXBuildFile; fileRef = D331B4071A5309570097A910 /* adv05.c */; };
		D331B40F1A5309A00097A910 /* adv02.c in Sources */ = {isa = PBXBuildFile; fileRef = D331B40E1A5309A00097A910 /* adv02.c */; };
		D331B4131A530B860097A910 /* adv00.c in Sources */ = {isa = PBXBuildFile; fileRef = D331B4101A530B860097A910 /* adv00.c */; };
		D331B4141A530B860097A910 /* adv01.c in Sources */ = {isa = PBXBuildFile; fileRef = D331B4121A530B860097A910 /* adv01.c */; };
		D388D22C1A51D3090086975F /* main.m in Sources */ = {isa = PBXBuildFile; fileRef = D388D22B1A51D3090086975F /* main.m */; };
		D388D22F1A51D3090086975F /* AppDelegate.m in Sources */ = {isa = PBXBuildFile; fileRef = D388D22E1A51D3090086975F /* AppDelegate.m */; };
		D388D2371A51D3090086975F /* Images.xcassets in Resources */ = {isa = PBXBuildFile; fileRef = D388D2361A51D3090086975F /* Images.xcassets */; };
		D388D23A1A51D3090086975F /* LaunchScreen.xib in Resources */ = {isa = PBXBuildFile; fileRef = D388D2381A51D3090086975F /* LaunchScreen.xib */; };
		D388D2461A51D3090086975F /* Adv550Tests.m in Sources */ = {isa = PBXBuildFile; fileRef = D388D2451A51D3090086975F /* Adv550Tests.m */; };
		D388D2661A51D3740086975F /* ViewController.m in Sources */ = {isa = PBXBuildFile; fileRef = D388D25C1A51D3740086975F /* ViewController.m */; };
		D388D2681A51D3740086975F /* advio.m in Sources */ = {isa = PBXBuildFile; fileRef = D388D25F1A51D3740086975F /* advio.m */; };
		D388D2691A51D3740086975F /* Main.storyboard in Resources */ = {isa = PBXBuildFile; fileRef = D388D2601A51D3740086975F /* Main.storyboard */; };
/* End PBXBuildFile section */

/* Begin PBXContainerItemProxy section */
		D388D2401A51D3090086975F /* PBXContainerItemProxy */ = {
			isa = PBXContainerItemProxy;
			containerPortal = D388D21E1A51D3090086975F /* Project object */;
			proxyType = 1;
			remoteGlobalIDString = D388D2251A51D3090086975F;
			remoteInfo = Adv550;
		};
/* End PBXContainerItemProxy section */

/* Begin PBXFileReference section */
		D331B4001A5309570097A910 /* adv1.h */ = {isa = PBXFileReference; fileEncoding = 4; lastKnownFileType = sourcecode.c.h; name = adv1.h; path = ../adv1.h; sourceTree = "<group>"; };
		D331B4021A5309570097A910 /* adv2.h */ = {isa = PBXFileReference; fileEncoding = 4; lastKnownFileType = sourcecode.c.h; name = adv2.h; path = ../adv2.h; sourceTree = "<group>"; };
		D331B4031A5309570097A910 /* adv03.c */ = {isa = PBXFileReference; fileEncoding = 4; lastKnownFileType = sourcecode.c.c; name = adv03.c; path = ../adv03.c; sourceTree = "<group>"; };
		D331B4041A5309570097A910 /* adv3.h */ = {isa = PBXFileReference; fileEncoding = 4; lastKnownFileType = sourcecode.c.h; name = adv3.h; path = ../adv3.h; sourceTree = "<group>"; };
		D331B4051A5309570097A910 /* adv04.c */ = {isa = PBXFileReference; fileEncoding = 4; lastKnownFileType = sourcecode.c.c; name = adv04.c; path = ../adv04.c; sourceTree = "<group>"; };
		D331B4061A5309570097A910 /* adv4.h */ = {isa = PBXFileReference; fileEncoding = 4; lastKnownFileType = sourcecode.c.h; name = adv4.h; path = ../adv4.h; sourceTree = "<group>"; };
		D331B4071A5309570097A910 /* adv05.c */ = {isa = PBXFileReference; fileEncoding = 4; lastKnownFileType = sourcecode.c.c; name = adv05.c; path = ../adv05.c; sourceTree = "<group>"; };
		D331B4081A5309570097A910 /* adv5.h */ = {isa = PBXFileReference; fileEncoding = 4; lastKnownFileType = sourcecode.c.h; name = adv5.h; path = ../adv5.h; sourceTree = "<group>"; };
		D331B4091A5309570097A910 /* adv6.h */ = {isa = PBXFileReference; fileEncoding = 4; lastKnownFileType = sourcecode.c.h; name = adv6.h; path = ../adv6.h; sourceTree = "<group>"; };
		D331B40E1A5309A00097A910 /* adv02.c */ = {isa = PBXFileReference; fileEncoding = 4; lastKnownFileType = sourcecode.c.c; name = adv02.c; path = ../adv02.c; sourceTree = "<group>"; };
		D331B4101A530B860097A910 /* adv00.c */ = {isa = PBXFileReference; fileEncoding = 4; lastKnownFileType = sourcecode.c.c; name = adv00.c; path = ../../AdvIOS/AdvIOS/adv00.c; sourceTree = "<group>"; };
		D331B4111A530B860097A910 /* adv0.h */ = {isa = PBXFileReference; fileEncoding = 4; lastKnownFileType = sourcecode.c.h; name = adv0.h; path = ../../AdvIOS/AdvIOS/adv0.h; sourceTree = "<group>"; };
		D331B4121A530B860097A910 /* adv01.c */ = {isa = PBXFileReference; fileEncoding = 4; lastKnownFileType = sourcecode.c.c; name = adv01.c; path = ../../AdvIOS/AdvIOS/adv01.c; sourceTree = "<group>"; };
		D388D2261A51D3090086975F /* Adv550.app */ = {isa = PBXFileReference; explicitFileType = wrapper.application; includeInIndex = 0; path = Adv550.app; sourceTree = BUILT_PRODUCTS_DIR; };
		D388D22A1A51D3090086975F /* Info.plist */ = {isa = PBXFileReference; lastKnownFileType = text.plist.xml; path = Info.plist; sourceTree = "<group>"; };
		D388D22B1A51D3090086975F /* main.m */ = {isa = PBXFileReference; lastKnownFileType = sourcecode.c.objc; path = main.m; sourceTree = "<group>"; };
		D388D22D1A51D3090086975F /* AppDelegate.h */ = {isa = PBXFileReference; lastKnownFileType = sourcecode.c.h; path = AppDelegate.h; sourceTree = "<group>"; };
		D388D22E1A51D3090086975F /* AppDelegate.m */ = {isa = PBXFileReference; lastKnownFileType = sourcecode.c.objc; path = AppDelegate.m; sourceTree = "<group>"; };
		D388D2301A51D3090086975F /* ViewController.h */ = {isa = PBXFileReference; lastKnownFileType = sourcecode.c.h; path = ViewController.h; sourceTree = "<group>"; };
		D388D2361A51D3090086975F /* Images.xcassets */ = {isa = PBXFileReference; lastKnownFileType = folder.assetcatalog; path = Images.xcassets; sourceTree = "<group>"; };
		D388D2391A51D3090086975F /* Base */ = {isa = PBXFileReference; lastKnownFileType = file.xib; name = Base; path = Base.lproj/LaunchScreen.xib; sourceTree = "<group>"; };
		D388D23F1A51D3090086975F /* Adv550Tests.xctest */ = {isa = PBXFileReference; explicitFileType = wrapper.cfbundle; includeInIndex = 0; path = Adv550Tests.xctest; sourceTree = BUILT_PRODUCTS_DIR; };
		D388D2441A51D3090086975F /* Info.plist */ = {isa = PBXFileReference; lastKnownFileType = text.plist.xml; path = Info.plist; sourceTree = "<group>"; };
		D388D2451A51D3090086975F /* Adv550Tests.m */ = {isa = PBXFileReference; lastKnownFileType = sourcecode.c.objc; path = Adv550Tests.m; sourceTree = "<group>"; };
		D388D25C1A51D3740086975F /* ViewController.m */ = {isa = PBXFileReference; fileEncoding = 4; lastKnownFileType = sourcecode.c.objc; name = ViewController.m; path = ../../AdvIOS/AdvIOS/ViewController.m; sourceTree = "<group>"; };
		D388D25E1A51D3740086975F /* ios.h */ = {isa = PBXFileReference; fileEncoding = 4; lastKnownFileType = sourcecode.c.h; name = ios.h; path = ../../AdvIOS/AdvIOS/ios.h; sourceTree = "<group>"; };
		D388D25F1A51D3740086975F /* advio.m */ = {isa = PBXFileReference; fileEncoding = 4; lastKnownFileType = sourcecode.c.objc; name = advio.m; path = ../../AdvIOS/AdvIOS/advio.m; sourceTree = "<group>"; };
		D388D2601A51D3740086975F /* Main.storyboard */ = {isa = PBXFileReference; fileEncoding = 4; lastKnownFileType = file.storyboard; name = Main.storyboard; path = ../../AdvIOS/AdvIOS/Main.storyboard; sourceTree = "<group>"; };
		D388D2641A51D3740086975F /* ViewController.h */ = {isa = PBXFileReference; fileEncoding = 4; lastKnownFileType = sourcecode.c.h; name = ViewController.h; path = ../../AdvIOS/AdvIOS/ViewController.h; sourceTree = "<group>"; };
		D388D2651A51D3740086975F /* advio.h */ = {isa = PBXFileReference; fileEncoding = 4; lastKnownFileType = sourcecode.c.h; name = advio.h; path = ../../AdvIOS/AdvIOS/advio.h; sourceTree = "<group>"; };
		D388D2781A51D3C80086975F /* version.h */ = {isa = PBXFileReference; lastKnownFileType = sourcecode.c.h; path = version.h; sourceTree = "<group>"; };
/* End PBXFileReference section */

/* Begin PBXFrameworksBuildPhase section */
		D388D2231A51D3090086975F /* Frameworks */ = {
			isa = PBXFrameworksBuildPhase;
			buildActionMask = 2147483647;
			files = (
			);
			runOnlyForDeploymentPostprocessing = 0;
		};
		D388D23C1A51D3090086975F /* Frameworks */ = {
			isa = PBXFrameworksBuildPhase;
			buildActionMask = 2147483647;
			files = (
			);
			runOnlyForDeploymentPostprocessing = 0;
		};
/* End PBXFrameworksBuildPhase section */

/* Begin PBXGroup section */
		D388D21D1A51D3090086975F = {
			isa = PBXGroup;
			children = (
				D388D2281A51D3090086975F /* Adv550 */,
				D388D2421A51D3090086975F /* Adv550Tests */,
				D388D2271A51D3090086975F /* Products */,
			);
			sourceTree = "<group>";
		};
		D388D2271A51D3090086975F /* Products */ = {
			isa = PBXGroup;
			children = (
				D388D2261A51D3090086975F /* Adv550.app */,
				D388D23F1A51D3090086975F /* Adv550Tests.xctest */,
			);
			name = Products;
			sourceTree = "<group>";
		};
		D388D2281A51D3090086975F /* Adv550 */ = {
			isa = PBXGroup;
			children = (
				D388D25C1A51D3740086975F /* ViewController.m */,
				D388D25E1A51D3740086975F /* ios.h */,
				D388D25F1A51D3740086975F /* advio.m */,
				D388D2601A51D3740086975F /* Main.storyboard */,
				D388D2641A51D3740086975F /* ViewController.h */,
				D388D2651A51D3740086975F /* advio.h */,
				D388D22D1A51D3090086975F /* AppDelegate.h */,
				D388D22E1A51D3090086975F /* AppDelegate.m */,
				D388D2301A51D3090086975F /* ViewController.h */,
				D331B4101A530B860097A910 /* adv00.c */,
				D331B4111A530B860097A910 /* adv0.h */,
				D331B4121A530B860097A910 /* adv01.c */,
				D331B4001A5309570097A910 /* adv1.h */,
				D331B4021A5309570097A910 /* adv2.h */,
				D331B40E1A5309A00097A910 /* adv02.c */,
				D331B4031A5309570097A910 /* adv03.c */,
				D331B4041A5309570097A910 /* adv3.h */,
				D331B4051A5309570097A910 /* adv04.c */,
				D331B4061A5309570097A910 /* adv4.h */,
				D331B4071A5309570097A910 /* adv05.c */,
				D331B4081A5309570097A910 /* adv5.h */,
				D331B4091A5309570097A910 /* adv6.h */,
				D388D2781A51D3C80086975F /* version.h */,
				D388D2361A51D3090086975F /* Images.xcassets */,
				D388D2381A51D3090086975F /* LaunchScreen.xib */,
				D388D2291A51D3090086975F /* Supporting Files */,
			);
			path = Adv550;
			sourceTree = "<group>";
		};
		D388D2291A51D3090086975F /* Supporting Files */ = {
			isa = PBXGroup;
			children = (
				D388D22A1A51D3090086975F /* Info.plist */,
				D388D22B1A51D3090086975F /* main.m */,
			);
			name = "Supporting Files";
			sourceTree = "<group>";
		};
		D388D2421A51D3090086975F /* Adv550Tests */ = {
			isa = PBXGroup;
			children = (
				D388D2451A51D3090086975F /* Adv550Tests.m */,
				D388D2431A51D3090086975F /* Supporting Files */,
			);
			path = Adv550Tests;
			sourceTree = "<group>";
		};
		D388D2431A51D3090086975F /* Supporting Files */ = {
			isa = PBXGroup;
			children = (
				D388D2441A51D3090086975F /* Info.plist */,
			);
			name = "Supporting Files";
			sourceTree = "<group>";
		};
/* End PBXGroup section */

/* Begin PBXNativeTarget section */
		D388D2251A51D3090086975F /* Adv550 */ = {
			isa = PBXNativeTarget;
			buildConfigurationList = D388D2491A51D3090086975F /* Build configuration list for PBXNativeTarget "Adv550" */;
			buildPhases = (
				D388D2221A51D3090086975F /* Sources */,
				D388D2231A51D3090086975F /* Frameworks */,
				D388D2241A51D3090086975F /* Resources */,
			);
			buildRules = (
			);
			dependencies = (
			);
			name = Adv550;
			productName = Adv550;
			productReference = D388D2261A51D3090086975F /* Adv550.app */;
			productType = "com.apple.product-type.application";
		};
		D388D23E1A51D3090086975F /* Adv550Tests */ = {
			isa = PBXNativeTarget;
			buildConfigurationList = D388D24C1A51D3090086975F /* Build configuration list for PBXNativeTarget "Adv550Tests" */;
			buildPhases = (
				D388D23B1A51D3090086975F /* Sources */,
				D388D23C1A51D3090086975F /* Frameworks */,
				D388D23D1A51D3090086975F /* Resources */,
			);
			buildRules = (
			);
			dependencies = (
				D388D2411A51D3090086975F /* PBXTargetDependency */,
			);
			name = Adv550Tests;
			productName = Adv550Tests;
			productReference = D388D23F1A51D3090086975F /* Adv550Tests.xctest */;
			productType = "com.apple.product-type.bundle.unit-test";
		};
/* End PBXNativeTarget section */

/* Begin PBXProject section */
		D388D21E1A51D3090086975F /* Project object */ = {
			isa = PBXProject;
			attributes = {
				LastUpgradeCheck = 0610;
				ORGANIZATIONNAME = Brian;
				TargetAttributes = {
					D388D2251A51D3090086975F = {
						CreatedOnToolsVersion = 6.1;
						DevelopmentTeam = 7WX5CPUB4T;
					};
					D388D23E1A51D3090086975F = {
						CreatedOnToolsVersion = 6.1;
						TestTargetID = D388D2251A51D3090086975F;
					};
				};
			};
			buildConfigurationList = D388D2211A51D3090086975F /* Build configuration list for PBXProject "Adv550" */;
			compatibilityVersion = "Xcode 3.2";
			developmentRegion = English;
			hasScannedForEncodings = 0;
			knownRegions = (
				en,
				Base,
			);
			mainGroup = D388D21D1A51D3090086975F;
			productRefGroup = D388D2271A51D3090086975F /* Products */;
			projectDirPath = "";
			projectRoot = "";
			targets = (
				D388D2251A51D3090086975F /* Adv550 */,
				D388D23E1A51D3090086975F /* Adv550Tests */,
			);
		};
/* End PBXProject section */

/* Begin PBXResourcesBuildPhase section */
		D388D2241A51D3090086975F /* Resources */ = {
			isa = PBXResourcesBuildPhase;
			buildActionMask = 2147483647;
			files = (
				D388D2691A51D3740086975F /* Main.storyboard in Resources */,
				D388D23A1A51D3090086975F /* LaunchScreen.xib in Resources */,
				D388D2371A51D3090086975F /* Images.xcassets in Resources */,
			);
			runOnlyForDeploymentPostprocessing = 0;
		};
		D388D23D1A51D3090086975F /* Resources */ = {
			isa = PBXResourcesBuildPhase;
			buildActionMask = 2147483647;
			files = (
			);
			runOnlyForDeploymentPostprocessing = 0;
		};
/* End PBXResourcesBuildPhase section */

/* Begin PBXSourcesBuildPhase section */
		D388D2221A51D3090086975F /* Sources */ = {
			isa = PBXSourcesBuildPhase;
			buildActionMask = 2147483647;
			files = (
				D331B4131A530B860097A910 /* adv00.c in Sources */,
				D331B40B1A5309570097A910 /* adv03.c in Sources */,
				D331B40C1A5309570097A910 /* adv04.c in Sources */,
				D388D2661A51D3740086975F /* ViewController.m in Sources */,
				D331B40D1A5309570097A910 /* adv05.c in Sources */,
				D388D2681A51D3740086975F /* advio.m in Sources */,
				D388D22F1A51D3090086975F /* AppDelegate.m in Sources */,
				D388D22C1A51D3090086975F /* main.m in Sources */,
				D331B4141A530B860097A910 /* adv01.c in Sources */,
				D331B40F1A5309A00097A910 /* adv02.c in Sources */,
			);
			runOnlyForDeploymentPostprocessing = 0;
		};
		D388D23B1A51D3090086975F /* Sources */ = {
			isa = PBXSourcesBuildPhase;
			buildActionMask = 2147483647;
			files = (
				D388D2461A51D3090086975F /* Adv550Tests.m in Sources */,
			);
			runOnlyForDeploymentPostprocessing = 0;
		};
/* End PBXSourcesBuildPhase section */

/* Begin PBXTargetDependency section */
		D388D2411A51D3090086975F /* PBXTargetDependency */ = {
			isa = PBXTargetDependency;
			target = D388D2251A51D3090086975F /* Adv550 */;
			targetProxy = D388D2401A51D3090086975F /* PBXContainerItemProxy */;
		};
/* End PBXTargetDependency section */

/* Begin PBXVariantGroup section */
		D388D2381A51D3090086975F /* LaunchScreen.xib */ = {
			isa = PBXVariantGroup;
			children = (
				D388D2391A51D3090086975F /* Base */,
			);
			name = LaunchScreen.xib;
			sourceTree = "<group>";
		};
/* End PBXVariantGroup section */

/* Begin XCBuildConfiguration section */
		D388D2471A51D3090086975F /* Debug */ = {
			isa = XCBuildConfiguration;
			buildSettings = {
				ALWAYS_SEARCH_USER_PATHS = NO;
				CLANG_CXX_LANGUAGE_STANDARD = "gnu++0x";
				CLANG_CXX_LIBRARY = "libc++";
				CLANG_ENABLE_MODULES = YES;
				CLANG_ENABLE_OBJC_ARC = YES;
				CLANG_WARN_BOOL_CONVERSION = YES;
				CLANG_WARN_CONSTANT_CONVERSION = YES;
				CLANG_WARN_DIRECT_OBJC_ISA_USAGE = YES_ERROR;
				CLANG_WARN_EMPTY_BODY = YES;
				CLANG_WARN_ENUM_CONVERSION = YES;
				CLANG_WARN_INT_CONVERSION = YES;
				CLANG_WARN_OBJC_ROOT_CLASS = YES_ERROR;
				CLANG_WARN_UNREACHABLE_CODE = YES;
				CLANG_WARN__DUPLICATE_METHOD_MATCH = YES;
				"CODE_SIGN_IDENTITY[sdk=iphoneos*]" = "iPhone Developer";
				COPY_PHASE_STRIP = NO;
				ENABLE_STRICT_OBJC_MSGSEND = YES;
				GCC_C_LANGUAGE_STANDARD = gnu99;
				GCC_DYNAMIC_NO_PIC = NO;
				GCC_OPTIMIZATION_LEVEL = 0;
				GCC_PREPROCESSOR_DEFINITIONS = (
					"DEBUG=1",
					"$(inherited)",
				);
				GCC_SYMBOLS_PRIVATE_EXTERN = NO;
				GCC_WARN_64_TO_32_BIT_CONVERSION = YES;
				GCC_WARN_ABOUT_RETURN_TYPE = YES_ERROR;
				GCC_WARN_UNDECLARED_SELECTOR = YES;
				GCC_WARN_UNINITIALIZED_AUTOS = YES_AGGRESSIVE;
				GCC_WARN_UNUSED_FUNCTION = YES;
				GCC_WARN_UNUSED_VARIABLE = YES;
				IPHONEOS_DEPLOYMENT_TARGET = 8.1;
				MTL_ENABLE_DEBUG_INFO = YES;
				ONLY_ACTIVE_ARCH = YES;
				SDKROOT = iphoneos;
				TARGETED_DEVICE_FAMILY = 2;
			};
			name = Debug;
		};
		D388D2481A51D3090086975F /* Release */ = {
			isa = XCBuildConfiguration;
			buildSettings = {
				ALWAYS_SEARCH_USER_PATHS = NO;
				CLANG_CXX_LANGUAGE_STANDARD = "gnu++0x";
				CLANG_CXX_LIBRARY = "libc++";
				CLANG_ENABLE_MODULES = YES;
				CLANG_ENABLE_OBJC_ARC = YES;
				CLANG_WARN_BOOL_CONVERSION = YES;
				CLANG_WARN_CONSTANT_CONVERSION = YES;
				CLANG_WARN_DIRECT_OBJC_ISA_USAGE = YES_ERROR;
				CLANG_WARN_EMPTY_BODY = YES;
				CLANG_WARN_ENUM_CONVERSION = YES;
				CLANG_WARN_INT_CONVERSION = YES;
				CLANG_WARN_OBJC_ROOT_CLASS = YES_ERROR;
				CLANG_WARN_UNREACHABLE_CODE = YES;
				CLANG_WARN__DUPLICATE_METHOD_MATCH = YES;
				"CODE_SIGN_IDENTITY[sdk=iphoneos*]" = "iPhone Developer";
				COPY_PHASE_STRIP = YES;
				ENABLE_NS_ASSERTIONS = NO;
				ENABLE_STRICT_OBJC_MSGSEND = YES;
				GCC_C_LANGUAGE_STANDARD = gnu99;
				GCC_WARN_64_TO_32_BIT_CONVERSION = YES;
				GCC_WARN_ABOUT_RETURN_TYPE = YES_ERROR;
				GCC_WARN_UNDECLARED_SELECTOR = YES;
				GCC_WARN_UNINITIALIZED_AUTOS = YES_AGGRESSIVE;
				GCC_WARN_UNUSED_FUNCTION = YES;
				GCC_WARN_UNUSED_VARIABLE = YES;
				IPHONEOS_DEPLOYMENT_TARGET = 8.1;
				MTL_ENABLE_DEBUG_INFO = NO;
				SDKROOT = iphoneos;
				TARGETED_DEVICE_FAMILY = 2;
				VALIDATE_PRODUCT = YES;
			};
			name = Release;
		};
		D388D24A1A51D3090086975F /* Debug */ = {
			isa = XCBuildConfiguration;
			buildSettings = {
				ASSETCATALOG_COMPILER_APPICON_NAME = AppIcon;
				CODE_SIGN_IDENTITY = "iPhone Developer";
				"CODE_SIGN_IDENTITY[sdk=iphoneos*]" = "iPhone Developer";
				INFOPLIST_FILE = Adv550/Info.plist;
				IPHONEOS_DEPLOYMENT_TARGET = 6.0;
				LD_RUNPATH_SEARCH_PATHS = "$(inherited) @executable_path/Frameworks";
				"OTHER_CFLAGS[arch=*]" = "-DIOS";
				PRODUCT_NAME = "$(TARGET_NAME)";
				PROVISIONING_PROFILE = "";
				TARGETED_DEVICE_FAMILY = 2;
				"VALID_ARCHS[sdk=*]" = "arm64 armv7 armv7s";
			};
			name = Debug;
		};
		D388D24B1A51D3090086975F /* Release */ = {
			isa = XCBuildConfiguration;
			buildSettings = {
				ASSETCATALOG_COMPILER_APPICON_NAME = AppIcon;
				CODE_SIGN_IDENTITY = "iPhone Developer";
				"CODE_SIGN_IDENTITY[sdk=iphoneos*]" = "iPhone Developer";
				INFOPLIST_FILE = Adv550/Info.plist;
				IPHONEOS_DEPLOYMENT_TARGET = 6.0;
				LD_RUNPATH_SEARCH_PATHS = "$(inherited) @executable_path/Frameworks";
				"OTHER_CFLAGS[arch=*]" = "-DIOS";
				PRODUCT_NAME = "$(TARGET_NAME)";
				PROVISIONING_PROFILE = "";
				TARGETED_DEVICE_FAMILY = 2;
			};
			name = Release;
		};
		D388D24D1A51D3090086975F /* Debug */ = {
			isa = XCBuildConfiguration;
			buildSettings = {
				BUNDLE_LOADER = "$(TEST_HOST)";
				FRAMEWORK_SEARCH_PATHS = (
					"$(SDKROOT)/Developer/Library/Frameworks",
					"$(inherited)",
				);
				GCC_PREPROCESSOR_DEFINITIONS = (
					"DEBUG=1",
					"$(inherited)",
				);
				INFOPLIST_FILE = Adv550Tests/Info.plist;
				LD_RUNPATH_SEARCH_PATHS = "$(inherited) @executable_path/Frameworks @loader_path/Frameworks";
				PRODUCT_NAME = "$(TARGET_NAME)";
				TEST_HOST = "$(BUILT_PRODUCTS_DIR)/Adv550.app/Adv550";
			};
			name = Debug;
		};
		D388D24E1A51D3090086975F /* Release */ = {
			isa = XCBuildConfiguration;
			buildSettings = {
				BUNDLE_LOADER = "$(TEST_HOST)";
				FRAMEWORK_SEARCH_PATHS = (
					"$(SDKROOT)/Developer/Library/Frameworks",
					"$(inherited)",
				);
				INFOPLIST_FILE = Adv550Tests/Info.plist;
				LD_RUNPATH_SEARCH_PATHS = "$(inherited) @executable_path/Frameworks @loader_path/Frameworks";
				PRODUCT_NAME = "$(TARGET_NAME)";
				TEST_HOST = "$(BUILT_PRODUCTS_DIR)/Adv550.app/Adv550";
			};
			name = Release;
		};
/* End XCBuildConfiguration section */

/* Begin XCConfigurationList section */
		D388D2211A51D3090086975F /* Build configuration list for PBXProject "Adv550" */ = {
			isa = XCConfigurationList;
			buildConfigurations = (
				D388D2471A51D3090086975F /* Debug */,
				D388D2481A51D3090086975F /* Release */,
			);
			defaultConfigurationIsVisible = 0;
			defaultConfigurationName = Release;
		};
		D388D2491A51D3090086975F /* Build configuration list for PBXNativeTarget "Adv550" */ = {
			isa = XCConfigurationList;
			buildConfigurations = (
				D388D24A1A51D3090086975F /* Debug */,
				D388D24B1A51D3090086975F /* Release */,
			);
			defaultConfigurationIsVisible = 0;
			defaultConfigurationName = Release;
		};
		D388D24C1A51D3090086975F /* Build configuration list for PBXNativeTarget "Adv550Tests" */ = {
			isa = XCConfigurationList;
			buildConfigurations = (
				D388D24D1A51D3090086975F /* Debug */,
				D388D24E1A51D3090086975F /* Release */,
			);
			defaultConfigurationIsVisible = 0;
			defaultConfigurationName = Release;
		};
/* End XCConfigurationList section */
	};
	rootObject = D388D21E1A51D3090086975F /* Project object */;
}
